// !$*UTF8*$!
{
	archiveVersion = 1;
	classes = {
	};
	objectVersion = 50;
	objects = {

/* Begin PBXBuildFile section */
		BAD3E64025C4C6850092D739 /* AppDelegate.swift in Sources */ = {isa = PBXBuildFile; fileRef = BAD3E63F25C4C6850092D739 /* AppDelegate.swift */; };
		BAD3E64225C4C6850092D739 /* SceneDelegate.swift in Sources */ = {isa = PBXBuildFile; fileRef = BAD3E64125C4C6850092D739 /* SceneDelegate.swift */; };
		BAD3E64425C4C6850092D739 /* ViewController.swift in Sources */ = {isa = PBXBuildFile; fileRef = BAD3E64325C4C6850092D739 /* ViewController.swift */; };
		BAD3E64725C4C6850092D739 /* Main.storyboard in Resources */ = {isa = PBXBuildFile; fileRef = BAD3E64525C4C6850092D739 /* Main.storyboard */; };
		BAD3E64925C4C6850092D739 /* Assets.xcassets in Resources */ = {isa = PBXBuildFile; fileRef = BAD3E64825C4C6850092D739 /* Assets.xcassets */; };
		BAD3E64C25C4C6850092D739 /* LaunchScreen.storyboard in Resources */ = {isa = PBXBuildFile; fileRef = BAD3E64A25C4C6850092D739 /* LaunchScreen.storyboard */; };
		BAD3E65725C4C6860092D739 /* PreworkTests.swift in Sources */ = {isa = PBXBuildFile; fileRef = BAD3E65625C4C6860092D739 /* PreworkTests.swift */; };
		BAD3E66225C4C6860092D739 /* PreworkUITests.swift in Sources */ = {isa = PBXBuildFile; fileRef = BAD3E66125C4C6860092D739 /* PreworkUITests.swift */; };
/* End PBXBuildFile section */

/* Begin PBXContainerItemProxy section */
		BAD3E65325C4C6860092D739 /* PBXContainerItemProxy */ = {
			isa = PBXContainerItemProxy;
			containerPortal = BAD3E63425C4C6850092D739 /* Project object */;
			proxyType = 1;
			remoteGlobalIDString = BAD3E63B25C4C6850092D739;
			remoteInfo = Prework;
		};
		BAD3E65E25C4C6860092D739 /* PBXContainerItemProxy */ = {
			isa = PBXContainerItemProxy;
			containerPortal = BAD3E63425C4C6850092D739 /* Project object */;
			proxyType = 1;
			remoteGlobalIDString = BAD3E63B25C4C6850092D739;
			remoteInfo = Prework;
		};
/* End PBXContainerItemProxy section */

/* Begin PBXFileReference section */
		BAD3E63C25C4C6850092D739 /* Prework.app */ = {isa = PBXFileReference; explicitFileType = wrapper.application; includeInIndex = 0; path = Prework.app; sourceTree = BUILT_PRODUCTS_DIR; };
		BAD3E63F25C4C6850092D739 /* AppDelegate.swift */ = {isa = PBXFileReference; lastKnownFileType = sourcecode.swift; path = AppDelegate.swift; sourceTree = "<group>"; };
		BAD3E64125C4C6850092D739 /* SceneDelegate.swift */ = {isa = PBXFileReference; lastKnownFileType = sourcecode.swift; path = SceneDelegate.swift; sourceTree = "<group>"; };
		BAD3E64325C4C6850092D739 /* ViewController.swift */ = {isa = PBXFileReference; lastKnownFileType = sourcecode.swift; path = ViewController.swift; sourceTree = "<group>"; };
		BAD3E64625C4C6850092D739 /* Base */ = {isa = PBXFileReference; lastKnownFileType = file.storyboard; name = Base; path = Base.lproj/Main.storyboard; sourceTree = "<group>"; };
		BAD3E64825C4C6850092D739 /* Assets.xcassets */ = {isa = PBXFileReference; lastKnownFileType = folder.assetcatalog; path = Assets.xcassets; sourceTree = "<group>"; };
		BAD3E64B25C4C6850092D739 /* Base */ = {isa = PBXFileReference; lastKnownFileType = file.storyboard; name = Base; path = Base.lproj/LaunchScreen.storyboard; sourceTree = "<group>"; };
		BAD3E64D25C4C6850092D739 /* Info.plist */ = {isa = PBXFileReference; lastKnownFileType = text.plist.xml; path = Info.plist; sourceTree = "<group>"; };
		BAD3E65225C4C6860092D739 /* PreworkTests.xctest */ = {isa = PBXFileReference; explicitFileType = wrapper.cfbundle; includeInIndex = 0; path = PreworkTests.xctest; sourceTree = BUILT_PRODUCTS_DIR; };
		BAD3E65625C4C6860092D739 /* PreworkTests.swift */ = {isa = PBXFileReference; lastKnownFileType = sourcecode.swift; path = PreworkTests.swift; sourceTree = "<group>"; };
		BAD3E65825C4C6860092D739 /* Info.plist */ = {isa = PBXFileReference; lastKnownFileType = text.plist.xml; path = Info.plist; sourceTree = "<group>"; };
		BAD3E65D25C4C6860092D739 /* PreworkUITests.xctest */ = {isa = PBXFileReference; explicitFileType = wrapper.cfbundle; includeInIndex = 0; path = PreworkUITests.xctest; sourceTree = BUILT_PRODUCTS_DIR; };
		BAD3E66125C4C6860092D739 /* PreworkUITests.swift */ = {isa = PBXFileReference; lastKnownFileType = sourcecode.swift; path = PreworkUITests.swift; sourceTree = "<group>"; };
		BAD3E66325C4C6860092D739 /* Info.plist */ = {isa = PBXFileReference; lastKnownFileType = text.plist.xml; path = Info.plist; sourceTree = "<group>"; };
/* End PBXFileReference section */

/* Begin PBXFrameworksBuildPhase section */
		BAD3E63925C4C6850092D739 /* Frameworks */ = {
			isa = PBXFrameworksBuildPhase;
			buildActionMask = 2147483647;
			files = (
			);
			runOnlyForDeploymentPostprocessing = 0;
		};
		BAD3E64F25C4C6860092D739 /* Frameworks */ = {
			isa = PBXFrameworksBuildPhase;
			buildActionMask = 2147483647;
			files = (
			);
			runOnlyForDeploymentPostprocessing = 0;
		};
		BAD3E65A25C4C6860092D739 /* Frameworks */ = {
			isa = PBXFrameworksBuildPhase;
			buildActionMask = 2147483647;
			files = (
			);
			runOnlyForDeploymentPostprocessing = 0;
		};
/* End PBXFrameworksBuildPhase section */

/* Begin PBXGroup section */
		BAD3E63325C4C6850092D739 = {
			isa = PBXGroup;
			children = (
				BAD3E63E25C4C6850092D739 /* Prework */,
				BAD3E65525C4C6860092D739 /* PreworkTests */,
				BAD3E66025C4C6860092D739 /* PreworkUITests */,
				BAD3E63D25C4C6850092D739 /* Products */,
			);
			sourceTree = "<group>";
		};
		BAD3E63D25C4C6850092D739 /* Products */ = {
			isa = PBXGroup;
			children = (
				BAD3E63C25C4C6850092D739 /* Prework.app */,
				BAD3E65225C4C6860092D739 /* PreworkTests.xctest */,
				BAD3E65D25C4C6860092D739 /* PreworkUITests.xctest */,
			);
			name = Products;
			sourceTree = "<group>";
		};
		BAD3E63E25C4C6850092D739 /* Prework */ = {
			isa = PBXGroup;
			children = (
				BAD3E63F25C4C6850092D739 /* AppDelegate.swift */,
				BAD3E64125C4C6850092D739 /* SceneDelegate.swift */,
				BAD3E64325C4C6850092D739 /* ViewController.swift */,
				BAD3E64525C4C6850092D739 /* Main.storyboard */,
				BAD3E64825C4C6850092D739 /* Assets.xcassets */,
				BAD3E64A25C4C6850092D739 /* LaunchScreen.storyboard */,
				BAD3E64D25C4C6850092D739 /* Info.plist */,
			);
			path = Prework;
			sourceTree = "<group>";
		};
		BAD3E65525C4C6860092D739 /* PreworkTests */ = {
			isa = PBXGroup;
			children = (
				BAD3E65625C4C6860092D739 /* PreworkTests.swift */,
				BAD3E65825C4C6860092D739 /* Info.plist */,
			);
			path = PreworkTests;
			sourceTree = "<group>";
		};
		BAD3E66025C4C6860092D739 /* PreworkUITests */ = {
			isa = PBXGroup;
			children = (
				BAD3E66125C4C6860092D739 /* PreworkUITests.swift */,
				BAD3E66325C4C6860092D739 /* Info.plist */,
			);
			path = PreworkUITests;
			sourceTree = "<group>";
		};
/* End PBXGroup section */

/* Begin PBXNativeTarget section */
		BAD3E63B25C4C6850092D739 /* Prework */ = {
			isa = PBXNativeTarget;
			buildConfigurationList = BAD3E66625C4C6860092D739 /* Build configuration list for PBXNativeTarget "Prework" */;
			buildPhases = (
				BAD3E63825C4C6850092D739 /* Sources */,
				BAD3E63925C4C6850092D739 /* Frameworks */,
				BAD3E63A25C4C6850092D739 /* Resources */,
			);
			buildRules = (
			);
			dependencies = (
			);
			name = Prework;
			productName = Prework;
			productReference = BAD3E63C25C4C6850092D739 /* Prework.app */;
			productType = "com.apple.product-type.application";
		};
		BAD3E65125C4C6860092D739 /* PreworkTests */ = {
			isa = PBXNativeTarget;
			buildConfigurationList = BAD3E66925C4C6860092D739 /* Build configuration list for PBXNativeTarget "PreworkTests" */;
			buildPhases = (
				BAD3E64E25C4C6860092D739 /* Sources */,
				BAD3E64F25C4C6860092D739 /* Frameworks */,
				BAD3E65025C4C6860092D739 /* Resources */,
			);
			buildRules = (
			);
			dependencies = (
				BAD3E65425C4C6860092D739 /* PBXTargetDependency */,
			);
			name = PreworkTests;
			productName = PreworkTests;
			productReference = BAD3E65225C4C6860092D739 /* PreworkTests.xctest */;
			productType = "com.apple.product-type.bundle.unit-test";
		};
		BAD3E65C25C4C6860092D739 /* PreworkUITests */ = {
			isa = PBXNativeTarget;
			buildConfigurationList = BAD3E66C25C4C6860092D739 /* Build configuration list for PBXNativeTarget "PreworkUITests" */;
			buildPhases = (
				BAD3E65925C4C6860092D739 /* Sources */,
				BAD3E65A25C4C6860092D739 /* Frameworks */,
				BAD3E65B25C4C6860092D739 /* Resources */,
			);
			buildRules = (
			);
			dependencies = (
				BAD3E65F25C4C6860092D739 /* PBXTargetDependency */,
			);
			name = PreworkUITests;
			productName = PreworkUITests;
			productReference = BAD3E65D25C4C6860092D739 /* PreworkUITests.xctest */;
			productType = "com.apple.product-type.bundle.ui-testing";
		};
/* End PBXNativeTarget section */

/* Begin PBXProject section */
		BAD3E63425C4C6850092D739 /* Project object */ = {
			isa = PBXProject;
			attributes = {
				LastSwiftUpdateCheck = 1230;
				LastUpgradeCheck = 1230;
				TargetAttributes = {
					BAD3E63B25C4C6850092D739 = {
						CreatedOnToolsVersion = 12.3;
					};
					BAD3E65125C4C6860092D739 = {
						CreatedOnToolsVersion = 12.3;
						TestTargetID = BAD3E63B25C4C6850092D739;
					};
					BAD3E65C25C4C6860092D739 = {
						CreatedOnToolsVersion = 12.3;
						TestTargetID = BAD3E63B25C4C6850092D739;
					};
				};
			};
			buildConfigurationList = BAD3E63725C4C6850092D739 /* Build configuration list for PBXProject "Prework" */;
			compatibilityVersion = "Xcode 9.3";
			developmentRegion = en;
			hasScannedForEncodings = 0;
			knownRegions = (
				en,
				Base,
			);
			mainGroup = BAD3E63325C4C6850092D739;
			productRefGroup = BAD3E63D25C4C6850092D739 /* Products */;
			projectDirPath = "";
			projectRoot = "";
			targets = (
				BAD3E63B25C4C6850092D739 /* Prework */,
				BAD3E65125C4C6860092D739 /* PreworkTests */,
				BAD3E65C25C4C6860092D739 /* PreworkUITests */,
			);
		};
/* End PBXProject section */

/* Begin PBXResourcesBuildPhase section */
		BAD3E63A25C4C6850092D739 /* Resources */ = {
			isa = PBXResourcesBuildPhase;
			buildActionMask = 2147483647;
			files = (
				BAD3E64C25C4C6850092D739 /* LaunchScreen.storyboard in Resources */,
				BAD3E64925C4C6850092D739 /* Assets.xcassets in Resources */,
				BAD3E64725C4C6850092D739 /* Main.storyboard in Resources */,
			);
			runOnlyForDeploymentPostprocessing = 0;
		};
		BAD3E65025C4C6860092D739 /* Resources */ = {
			isa = PBXResourcesBuildPhase;
			buildActionMask = 2147483647;
			files = (
			);
			runOnlyForDeploymentPostprocessing = 0;
		};
		BAD3E65B25C4C6860092D739 /* Resources */ = {
			isa = PBXResourcesBuildPhase;
			buildActionMask = 2147483647;
			files = (
			);
			runOnlyForDeploymentPostprocessing = 0;
		};
/* End PBXResourcesBuildPhase section */

/* Begin PBXSourcesBuildPhase section */
		BAD3E63825C4C6850092D739 /* Sources */ = {
			isa = PBXSourcesBuildPhase;
			buildActionMask = 2147483647;
			files = (
				BAD3E64425C4C6850092D739 /* ViewController.swift in Sources */,
				BAD3E64025C4C6850092D739 /* AppDelegate.swift in Sources */,
				BAD3E64225C4C6850092D739 /* SceneDelegate.swift in Sources */,
			);
			runOnlyForDeploymentPostprocessing = 0;
		};
		BAD3E64E25C4C6860092D739 /* Sources */ = {
			isa = PBXSourcesBuildPhase;
			buildActionMask = 2147483647;
			files = (
				BAD3E65725C4C6860092D739 /* PreworkTests.swift in Sources */,
			);
			runOnlyForDeploymentPostprocessing = 0;
		};
		BAD3E65925C4C6860092D739 /* Sources */ = {
			isa = PBXSourcesBuildPhase;
			buildActionMask = 2147483647;
			files = (
				BAD3E66225C4C6860092D739 /* PreworkUITests.swift in Sources */,
			);
			runOnlyForDeploymentPostprocessing = 0;
		};
/* End PBXSourcesBuildPhase section */

/* Begin PBXTargetDependency section */
		BAD3E65425C4C6860092D739 /* PBXTargetDependency */ = {
			isa = PBXTargetDependency;
			target = BAD3E63B25C4C6850092D739 /* Prework */;
			targetProxy = BAD3E65325C4C6860092D739 /* PBXContainerItemProxy */;
		};
		BAD3E65F25C4C6860092D739 /* PBXTargetDependency */ = {
			isa = PBXTargetDependency;
			target = BAD3E63B25C4C6850092D739 /* Prework */;
			targetProxy = BAD3E65E25C4C6860092D739 /* PBXContainerItemProxy */;
		};
/* End PBXTargetDependency section */

/* Begin PBXVariantGroup section */
		BAD3E64525C4C6850092D739 /* Main.storyboard */ = {
			isa = PBXVariantGroup;
			children = (
				BAD3E64625C4C6850092D739 /* Base */,
			);
			name = Main.storyboard;
			sourceTree = "<group>";
		};
		BAD3E64A25C4C6850092D739 /* LaunchScreen.storyboard */ = {
			isa = PBXVariantGroup;
			children = (
				BAD3E64B25C4C6850092D739 /* Base */,
			);
			name = LaunchScreen.storyboard;
			sourceTree = "<group>";
		};
/* End PBXVariantGroup section */

/* Begin XCBuildConfiguration section */
		BAD3E66425C4C6860092D739 /* Debug */ = {
			isa = XCBuildConfiguration;
			buildSettings = {
				ALWAYS_SEARCH_USER_PATHS = NO;
				CLANG_ANALYZER_NONNULL = YES;
				CLANG_ANALYZER_NUMBER_OBJECT_CONVERSION = YES_AGGRESSIVE;
				CLANG_CXX_LANGUAGE_STANDARD = "gnu++14";
				CLANG_CXX_LIBRARY = "libc++";
				CLANG_ENABLE_MODULES = YES;
				CLANG_ENABLE_OBJC_ARC = YES;
				CLANG_ENABLE_OBJC_WEAK = YES;
				CLANG_WARN_BLOCK_CAPTURE_AUTORELEASING = YES;
				CLANG_WARN_BOOL_CONVERSION = YES;
				CLANG_WARN_COMMA = YES;
				CLANG_WARN_CONSTANT_CONVERSION = YES;
				CLANG_WARN_DEPRECATED_OBJC_IMPLEMENTATIONS = YES;
				CLANG_WARN_DIRECT_OBJC_ISA_USAGE = YES_ERROR;
				CLANG_WARN_DOCUMENTATION_COMMENTS = YES;
				CLANG_WARN_EMPTY_BODY = YES;
				CLANG_WARN_ENUM_CONVERSION = YES;
				CLANG_WARN_INFINITE_RECURSION = YES;
				CLANG_WARN_INT_CONVERSION = YES;
				CLANG_WARN_NON_LITERAL_NULL_CONVERSION = YES;
				CLANG_WARN_OBJC_IMPLICIT_RETAIN_SELF = YES;
				CLANG_WARN_OBJC_LITERAL_CONVERSION = YES;
				CLANG_WARN_OBJC_ROOT_CLASS = YES_ERROR;
				CLANG_WARN_QUOTED_INCLUDE_IN_FRAMEWORK_HEADER = YES;
				CLANG_WARN_RANGE_LOOP_ANALYSIS = YES;
				CLANG_WARN_STRICT_PROTOTYPES = YES;
				CLANG_WARN_SUSPICIOUS_MOVE = YES;
				CLANG_WARN_UNGUARDED_AVAILABILITY = YES_AGGRESSIVE;
				CLANG_WARN_UNREACHABLE_CODE = YES;
				CLANG_WARN__DUPLICATE_METHOD_MATCH = YES;
				COPY_PHASE_STRIP = NO;
				DEBUG_INFORMATION_FORMAT = dwarf;
				ENABLE_STRICT_OBJC_MSGSEND = YES;
				ENABLE_TESTABILITY = YES;
				GCC_C_LANGUAGE_STANDARD = gnu11;
				GCC_DYNAMIC_NO_PIC = NO;
				GCC_NO_COMMON_BLOCKS = YES;
				GCC_OPTIMIZATION_LEVEL = 0;
				GCC_PREPROCESSOR_DEFINITIONS = (
					"DEBUG=1",
					"$(inherited)",
				);
				GCC_WARN_64_TO_32_BIT_CONVERSION = YES;
				GCC_WARN_ABOUT_RETURN_TYPE = YES_ERROR;
				GCC_WARN_UNDECLARED_SELECTOR = YES;
				GCC_WARN_UNINITIALIZED_AUTOS = YES_AGGRESSIVE;
				GCC_WARN_UNUSED_FUNCTION = YES;
				GCC_WARN_UNUSED_VARIABLE = YES;
				IPHONEOS_DEPLOYMENT_TARGET = 14.3;
				MTL_ENABLE_DEBUG_INFO = INCLUDE_SOURCE;
				MTL_FAST_MATH = YES;
				ONLY_ACTIVE_ARCH = YES;
				SDKROOT = iphoneos;
				SWIFT_ACTIVE_COMPILATION_CONDITIONS = DEBUG;
				SWIFT_OPTIMIZATION_LEVEL = "-Onone";
			};
			name = Debug;
		};
		BAD3E66525C4C6860092D739 /* Release */ = {
			isa = XCBuildConfiguration;
			buildSettings = {
				ALWAYS_SEARCH_USER_PATHS = NO;
				CLANG_ANALYZER_NONNULL = YES;
				CLANG_ANALYZER_NUMBER_OBJECT_CONVERSION = YES_AGGRESSIVE;
				CLANG_CXX_LANGUAGE_STANDARD = "gnu++14";
				CLANG_CXX_LIBRARY = "libc++";
				CLANG_ENABLE_MODULES = YES;
				CLANG_ENABLE_OBJC_ARC = YES;
				CLANG_ENABLE_OBJC_WEAK = YES;
				CLANG_WARN_BLOCK_CAPTURE_AUTORELEASING = YES;
				CLANG_WARN_BOOL_CONVERSION = YES;
				CLANG_WARN_COMMA = YES;
				CLANG_WARN_CONSTANT_CONVERSION = YES;
				CLANG_WARN_DEPRECATED_OBJC_IMPLEMENTATIONS = YES;
				CLANG_WARN_DIRECT_OBJC_ISA_USAGE = YES_ERROR;
				CLANG_WARN_DOCUMENTATION_COMMENTS = YES;
				CLANG_WARN_EMPTY_BODY = YES;
				CLANG_WARN_ENUM_CONVERSION = YES;
				CLANG_WARN_INFINITE_RECURSION = YES;
				CLANG_WARN_INT_CONVERSION = YES;
				CLANG_WARN_NON_LITERAL_NULL_CONVERSION = YES;
				CLANG_WARN_OBJC_IMPLICIT_RETAIN_SELF = YES;
				CLANG_WARN_OBJC_LITERAL_CONVERSION = YES;
				CLANG_WARN_OBJC_ROOT_CLASS = YES_ERROR;
				CLANG_WARN_QUOTED_INCLUDE_IN_FRAMEWORK_HEADER = YES;
				CLANG_WARN_RANGE_LOOP_ANALYSIS = YES;
				CLANG_WARN_STRICT_PROTOTYPES = YES;
				CLANG_WARN_SUSPICIOUS_MOVE = YES;
				CLANG_WARN_UNGUARDED_AVAILABILITY = YES_AGGRESSIVE;
				CLANG_WARN_UNREACHABLE_CODE = YES;
				CLANG_WARN__DUPLICATE_METHOD_MATCH = YES;
				COPY_PHASE_STRIP = NO;
				DEBUG_INFORMATION_FORMAT = "dwarf-with-dsym";
				ENABLE_NS_ASSERTIONS = NO;
				ENABLE_STRICT_OBJC_MSGSEND = YES;
				GCC_C_LANGUAGE_STANDARD = gnu11;
				GCC_NO_COMMON_BLOCKS = YES;
				GCC_WARN_64_TO_32_BIT_CONVERSION = YES;
				GCC_WARN_ABOUT_RETURN_TYPE = YES_ERROR;
				GCC_WARN_UNDECLARED_SELECTOR = YES;
				GCC_WARN_UNINITIALIZED_AUTOS = YES_AGGRESSIVE;
				GCC_WARN_UNUSED_FUNCTION = YES;
				GCC_WARN_UNUSED_VARIABLE = YES;
				IPHONEOS_DEPLOYMENT_TARGET = 14.3;
				MTL_ENABLE_DEBUG_INFO = NO;
				MTL_FAST_MATH = YES;
				SDKROOT = iphoneos;
				SWIFT_COMPILATION_MODE = wholemodule;
				SWIFT_OPTIMIZATION_LEVEL = "-O";
				VALIDATE_PRODUCT = YES;
			};
			name = Release;
		};
		BAD3E66725C4C6860092D739 /* Debug */ = {
			isa = XCBuildConfiguration;
			buildSettings = {
				ASSETCATALOG_COMPILER_APPICON_NAME = AppIcon;
				ASSETCATALOG_COMPILER_GLOBAL_ACCENT_COLOR_NAME = AccentColor;
				CODE_SIGN_STYLE = Automatic;
				INFOPLIST_FILE = Prework/Info.plist;
				LD_RUNPATH_SEARCH_PATHS = (
					"$(inherited)",
					"@executable_path/Frameworks",
				);
				PRODUCT_BUNDLE_IDENTIFIER = codepath.org.Prework;
				PRODUCT_NAME = "$(TARGET_NAME)";
				SWIFT_VERSION = 5.0;
				TARGETED_DEVICE_FAMILY = "1,2";
			};
			name = Debug;
		};
		BAD3E66825C4C6860092D739 /* Release */ = {
			isa = XCBuildConfiguration;
			buildSettings = {
				ASSETCATALOG_COMPILER_APPICON_NAME = AppIcon;
				ASSETCATALOG_COMPILER_GLOBAL_ACCENT_COLOR_NAME = AccentColor;
				CODE_SIGN_STYLE = Automatic;
				INFOPLIST_FILE = Prework/Info.plist;
				LD_RUNPATH_SEARCH_PATHS = (
					"$(inherited)",
					"@executable_path/Frameworks",
				);
				PRODUCT_BUNDLE_IDENTIFIER = codepath.org.Prework;
				PRODUCT_NAME = "$(TARGET_NAME)";
				SWIFT_VERSION = 5.0;
				TARGETED_DEVICE_FAMILY = "1,2";
			};
			name = Release;
		};
		BAD3E66A25C4C6860092D739 /* Debug */ = {
			isa = XCBuildConfiguration;
			buildSettings = {
				ALWAYS_EMBED_SWIFT_STANDARD_LIBRARIES = YES;
				BUNDLE_LOADER = "$(TEST_HOST)";
				CODE_SIGN_STYLE = Automatic;
				INFOPLIST_FILE = PreworkTests/Info.plist;
				IPHONEOS_DEPLOYMENT_TARGET = 14.3;
				LD_RUNPATH_SEARCH_PATHS = (
					"$(inherited)",
					"@executable_path/Frameworks",
					"@loader_path/Frameworks",
				);
				PRODUCT_BUNDLE_IDENTIFIER = codepath.org.PreworkTests;
				PRODUCT_NAME = "$(TARGET_NAME)";
				SWIFT_VERSION = 5.0;
				TARGETED_DEVICE_FAMILY = "1,2";
				TEST_HOST = "$(BUILT_PRODUCTS_DIR)/Prework.app/Prework";
			};
			name = Debug;
		};
		BAD3E66B25C4C6860092D739 /* Release */ = {
			isa = XCBuildConfiguration;
			buildSettings = {
				ALWAYS_EMBED_SWIFT_STANDARD_LIBRARIES = YES;
				BUNDLE_LOADER = "$(TEST_HOST)";
				CODE_SIGN_STYLE = Automatic;
				INFOPLIST_FILE = PreworkTests/Info.plist;
				IPHONEOS_DEPLOYMENT_TARGET = 14.3;
				LD_RUNPATH_SEARCH_PATHS = (
					"$(inherited)",
					"@executable_path/Frameworks",
					"@loader_path/Frameworks",
				);
				PRODUCT_BUNDLE_IDENTIFIER = codepath.org.PreworkTests;
				PRODUCT_NAME = "$(TARGET_NAME)";
				SWIFT_VERSION = 5.0;
				TARGETED_DEVICE_FAMILY = "1,2";
				TEST_HOST = "$(BUILT_PRODUCTS_DIR)/Prework.app/Prework";
			};
			name = Release;
		};
		BAD3E66D25C4C6860092D739 /* Debug */ = {
			isa = XCBuildConfiguration;
			buildSettings = {
				ALWAYS_EMBED_SWIFT_STANDARD_LIBRARIES = YES;
				CODE_SIGN_STYLE = Automatic;
				INFOPLIST_FILE = PreworkUITests/Info.plist;
				LD_RUNPATH_SEARCH_PATHS = (
					"$(inherited)",
					"@executable_path/Frameworks",
					"@loader_path/Frameworks",
				);
				PRODUCT_BUNDLE_IDENTIFIER = codepath.org.PreworkUITests;
				PRODUCT_NAME = "$(TARGET_NAME)";
				SWIFT_VERSION = 5.0;
				TARGETED_DEVICE_FAMILY = "1,2";
				TEST_TARGET_NAME = Prework;
			};
			name = Debug;
		};
		BAD3E66E25C4C6860092D739 /* Release */ = {
			isa = XCBuildConfiguration;
			buildSettings = {
				ALWAYS_EMBED_SWIFT_STANDARD_LIBRARIES = YES;
				CODE_SIGN_STYLE = Automatic;
				INFOPLIST_FILE = PreworkUITests/Info.plist;
				LD_RUNPATH_SEARCH_PATHS = (
					"$(inherited)",
					"@executable_path/Frameworks",
					"@loader_path/Frameworks",
				);
				PRODUCT_BUNDLE_IDENTIFIER = codepath.org.PreworkUITests;
				PRODUCT_NAME = "$(TARGET_NAME)";
				SWIFT_VERSION = 5.0;
				TARGETED_DEVICE_FAMILY = "1,2";
				TEST_TARGET_NAME = Prework;
			};
			name = Release;
		};
/* End XCBuildConfiguration section */

/* Begin XCConfigurationList section */
		BAD3E63725C4C6850092D739 /* Build configuration list for PBXProject "Prework" */ = {
			isa = XCConfigurationList;
			buildConfigurations = (
				BAD3E66425C4C6860092D739 /* Debug */,
				BAD3E66525C4C6860092D739 /* Release */,
			);
			defaultConfigurationIsVisible = 0;
			defaultConfigurationName = Release;
		};
		BAD3E66625C4C6860092D739 /* Build configuration list for PBXNativeTarget "Prework" */ = {
			isa = XCConfigurationList;
			buildConfigurations = (
				BAD3E66725C4C6860092D739 /* Debug */,
				BAD3E66825C4C6860092D739 /* Release */,
			);
			defaultConfigurationIsVisible = 0;
			defaultConfigurationName = Release;
		};
		BAD3E66925C4C6860092D739 /* Build configuration list for PBXNativeTarget "PreworkTests" */ = {
			isa = XCConfigurationList;
			buildConfigurations = (
				BAD3E66A25C4C6860092D739 /* Debug */,
				BAD3E66B25C4C6860092D739 /* Release */,
			);
			defaultConfigurationIsVisible = 0;
			defaultConfigurationName = Release;
		};
		BAD3E66C25C4C6860092D739 /* Build configuration list for PBXNativeTarget "PreworkUITests" */ = {
			isa = XCConfigurationList;
			buildConfigurations = (
				BAD3E66D25C4C6860092D739 /* Debug */,
				BAD3E66E25C4C6860092D739 /* Release */,
			);
			defaultConfigurationIsVisible = 0;
			defaultConfigurationName = Release;
		};
/* End XCConfigurationList section */
	};
	rootObject = BAD3E63425C4C6850092D739 /* Project object */;
}
